
Microsoft Visual Studio Solution File, Format Version 12.00
# Visual Studio Version 17
VisualStudioVersion = 17.11.35222.181
MinimumVisualStudioVersion = 10.0.40219.1
Project("{FAE04EC0-301F-11D3-BF4B-00C04F79EFBC}") = "DangNgocDuc", "DangNgocDuc\DangNgocDuc.csproj", "{AFC7F3BC-EAEF-46F0-A90D-0FFE320FE48F}"
EndProject
Global
	GlobalSection(SolutionConfigurationPlatforms) = preSolution
		Debug|Any CPU = Debug|Any CPU
		Release|Any CPU = Release|Any CPU
	EndGlobalSection
	GlobalSection(ProjectConfigurationPlatforms) = postSolution
		{AFC7F3BC-EAEF-46F0-A90D-0FFE320FE48F}.Debug|Any CPU.ActiveCfg = Debug|Any CPU
		{AFC7F3BC-EAEF-46F0-A90D-0FFE320FE48F}.Debug|Any CPU.Build.0 = Debug|Any CPU
		{AFC7F3BC-EAEF-46F0-A90D-0FFE320FE48F}.Release|Any CPU.ActiveCfg = Release|Any CPU
		{AFC7F3BC-EAEF-46F0-A90D-0FFE320FE48F}.Release|Any CPU.Build.0 = Release|Any CPU
	EndGlobalSection
	GlobalSection(SolutionProperties) = preSolution
		HideSolutionNode = FALSE
	EndGlobalSection
	GlobalSection(ExtensibilityGlobals) = postSolution
		SolutionGuid = {24BF10BA-6423-441B-8863-B6FB989E5D4E}
	EndGlobalSection
EndGlobal
